# This file is automatically @generated by Cargo.
# It is not intended for manual editing.
version = 4

[[package]]
name = "desktop"
version = "0.1.0"

[[package]]
name = "format"
version = "0.1.0"

[[package]]
name = "graft-audit"
version = "0.1.0"

[[package]]
name = "graft-avb"
version = "0.1.0"

[[package]]
name = "graft-erofs"
version = "0.1.0"

[[package]]
name = "graft-ext4"
version = "0.1.0"

[[package]]
name = "graft-image"
version = "0.1.0"

[[package]]
name = "graft-payload"
version = "0.1.0"

[[package]]
name = "graft-policy"
version = "0.1.0"

[[package]]
name = "graft-protocol"
version = "0.1.0"

[[package]]
name = "graft-sepolicy"
version = "0.1.0"

[[package]]
name = "graft-session"
version = "0.1.0"

[[package]]
name = "graft-sshd"
version = "0.1.0"

[[package]]
name = "graft-state"
version = "0.1.0"

[[package]]
name = "graft-super"
version = "0.1.0"

[[package]]
name = "graft-support"
version = "0.1.0"

[[package]]
name = "graftctl"
version = "0.1.0"

[[package]]
name = "graftd"
version = "0.1.0"

[[package]]
name = "runtime"
version = "0.1.0"

[[package]]
name = "sdk"
version = "0.1.0"

[[package]]
name = "su"
version = "0.1.0"
